# THIS IS AN AUTOGENERATED FILE. DO NOT EDIT THIS FILE DIRECTLY.
# yarn lockfile v1


amdefine@>=0.0.4:
  version "1.0.1"
  resolved "https://registry.yarnpkg.com/amdefine/-/amdefine-1.0.1.tgz#4a5282ac164729e93619bcfd3ad151f817ce91f5"
  integrity sha1-SlKCrBZHKek2Gbz9OtFR+BfOkfU=

ast-transform@0.0.0:
  version "0.0.0"
  resolved "https://registry.yarnpkg.com/ast-transform/-/ast-transform-0.0.0.tgz#74944058887d8283e189d954600947bc98fe0062"
  integrity sha1-dJRAWIh9goPhidlUYAlHvJj+AGI=
  dependencies:
    escodegen "~1.2.0"
    esprima "~1.0.4"
    through "~2.3.4"

ast-types@^0.7.0:
  version "0.7.8"
  resolved "https://registry.yarnpkg.com/ast-types/-/ast-types-0.7.8.tgz#902d2e0d60d071bdcd46dc115e1809ed11c138a9"
  integrity sha1-kC0uDWDQcb3NRtwRXhgJ7RHBOKk=

browser-resolve@^1.8.1:
  version "1.11.3"
  resolved "https://registry.yarnpkg.com/browser-resolve/-/browser-resolve-1.11.3.tgz#9b7cbb3d0f510e4cb86bdbd796124d28b5890af6"
  integrity sha512-exDi1BYWB/6raKHmDTCicQfTkqwN5fioMFV4j8BsfMU4R2DK/QfZfK7kOVkmWCNANf0snkBzqGqAJBao9gZMdQ==
  dependencies:
    resolve "1.1.7"

browserify-optional@^1.0.0:
  version "1.0.1"
  resolved "https://registry.yarnpkg.com/browserify-optional/-/browserify-optional-1.0.1.tgz#1e13722cfde0d85f121676c2a72ced533a018869"
  integrity sha1-HhNyLP3g2F8SFnbCpyztUzoBiGk=
  dependencies:
    ast-transform "0.0.0"
    ast-types "^0.7.0"
    browser-resolve "^1.8.1"

classnames@^2.2.6:
  version "2.2.6"
  resolved "https://registry.yarnpkg.com/classnames/-/classnames-2.2.6.tgz#43935bffdd291f326dad0a205309b38d00f650ce"
  integrity sha512-JR/iSQOSt+LQIWwrwEzJ9uk0xfN3mTVYMwt1Ir5mUcSN6pU+V4zQFFaJsclJbPuAUQH+yfWef6tm7l1quW3C8Q==

escodegen@~1.2.0:
  version "1.2.0"
  resolved "https://registry.yarnpkg.com/escodegen/-/escodegen-1.2.0.tgz#09de7967791cc958b7f89a2ddb6d23451af327e1"
  integrity sha1-Cd55Z3kcyVi3+Jot220jRRrzJ+E=
  dependencies:
    esprima "~1.0.4"
    estraverse "~1.5.0"
    esutils "~1.0.0"
  optionalDependencies:
    source-map "~0.1.30"

esprima@~1.0.4:
  version "1.0.4"
  resolved "https://registry.yarnpkg.com/esprima/-/esprima-1.0.4.tgz#9f557e08fc3b4d26ece9dd34f8fbf476b62585ad"
  integrity sha1-n1V+CPw7TSbs6d00+Pv0drYlha0=

estraverse@~1.5.0:
  version "1.5.1"
  resolved "https://registry.yarnpkg.com/estraverse/-/estraverse-1.5.1.tgz#867a3e8e58a9f84618afb6c2ddbcd916b7cbaf71"
  integrity sha1-hno+jlip+EYYr7bC3bzZFrfLr3E=

esutils@~1.0.0:
  version "1.0.0"
  resolved "https://registry.yarnpkg.com/esutils/-/esutils-1.0.0.tgz#8151d358e20c8acc7fb745e7472c0025fe496570"
  integrity sha1-gVHTWOIMisx/t0XnRywAJf5JZXA=

eve@~0.5.1:
  version "0.5.4"
  resolved "https://registry.yarnpkg.com/eve/-/eve-0.5.4.tgz#67d080b9725291d7e389e34c26860dd97f1debaa"
  integrity sha1-Z9CAuXJSkdfjieNMJoYN2X8d66o=

js-cookie@^3.0.1:
  version "3.0.1"
  resolved "https://registry.yarnpkg.com/js-cookie/-/js-cookie-3.0.1.tgz#9e39b4c6c2f56563708d7d31f6f5f21873a92414"
  integrity sha512-+0rgsUXZu4ncpPxRL+lNEptWMOWl9etvPHc/koSRp6MPwpRYAhmk0dUG00J4bxVV3r9uUzfo24wW0knS07SKSw==

"js-tokens@^3.0.0 || ^4.0.0":
  version "4.0.0"
  resolved "https://registry.yarnpkg.com/js-tokens/-/js-tokens-4.0.0.tgz#19203fb59991df98e3a287050d4647cdeaf32499"

loose-envify@^1.4.0:
  version "1.4.0"
  resolved "https://registry.yarnpkg.com/loose-envify/-/loose-envify-1.4.0.tgz#71ee51fa7be4caec1a63839f7e682d8132d30caf"
  dependencies:
    js-tokens "^3.0.0 || ^4.0.0"

object-assign@^4.1.1:
  version "4.1.1"
  resolved "https://registry.yarnpkg.com/object-assign/-/object-assign-4.1.1.tgz#2109adc7965887cfc05cbbd442cac8bfbb360863"

prop-types@^15.7.2:
  version "15.7.2"
  resolved "https://registry.yarnpkg.com/prop-types/-/prop-types-15.7.2.tgz#52c41e75b8c87e72b9d9360e0206b99dcbffa6c5"
  dependencies:
    loose-envify "^1.4.0"
    object-assign "^4.1.1"
    react-is "^16.8.1"

react-burger-menu@^3.0.8:
  version "3.0.8"
  resolved "https://registry.yarnpkg.com/react-burger-menu/-/react-burger-menu-3.0.8.tgz#78744db0a576f981aeade4f3f8ee956bc094c107"
  integrity sha512-pkPHOUKKd5ClLg5OERIZLXtnYCO2Vxvti+BBIIVLNiD2xjCdgfkSt4TZ2IPUQBkYUY/id7Mq56YDgQ16p4kZog==
  dependencies:
    browserify-optional "^1.0.0"
    classnames "^2.2.6"
    eve "~0.5.1"
    prop-types "^15.7.2"
    snapsvg-cjs "0.0.6"

react-is@^16.8.1:
  version "16.8.6"
  resolved "https://registry.yarnpkg.com/react-is/-/react-is-16.8.6.tgz#5bbc1e2d29141c9fbdfed456343fe2bc430a6a16"

resolve@1.1.7:
  version "1.1.7"
  resolved "https://registry.yarnpkg.com/resolve/-/resolve-1.1.7.tgz#203114d82ad2c5ed9e8e0411b3932875e889e97b"
  integrity sha1-IDEU2CrSxe2ejgQRs5ModeiJ6Xs=

snapsvg-cjs@0.0.6:
  version "0.0.6"
  resolved "https://registry.yarnpkg.com/snapsvg-cjs/-/snapsvg-cjs-0.0.6.tgz#3b2f56af2573d3d364c3ed5bf8885745f4d2dde1"
  integrity sha1-Oy9WryVz09Nkw+1b+IhXRfTS3eE=
  dependencies:
    snapsvg "0.5.1"

snapsvg@0.5.1:
  version "0.5.1"
  resolved "https://registry.yarnpkg.com/snapsvg/-/snapsvg-0.5.1.tgz#0caf52c79189a290746fc446cc5e863f6bdddfe3"
  integrity sha1-DK9Sx5GJopB0b8RGzF6GP2vd3+M=
  dependencies:
    eve "~0.5.1"

source-map@~0.1.30:
  version "0.1.43"
  resolved "https://registry.yarnpkg.com/source-map/-/source-map-0.1.43.tgz#c24bc146ca517c1471f5dacbe2571b2b7f9e3346"
  integrity sha1-wkvBRspRfBRx9drL4lcbK3+eM0Y=
  dependencies:
    amdefine ">=0.0.4"

through@~2.3.4:
  version "2.3.8"
  resolved "https://registry.yarnpkg.com/through/-/through-2.3.8.tgz#0dd4c9ffaabc357960b1b724115d7e0e86a2e1f5"
  integrity sha1-DdTJ/6q8NXlgsbckEV1+Doai4fU=
