# THIS IS AN AUTOGENERATED FILE. DO NOT EDIT THIS FILE DIRECTLY.
# yarn lockfile v1


"@fullcalendar/adaptive@^5.5.0":
  version "5.5.0"
  resolved "https://registry.yarnpkg.com/@fullcalendar/adaptive/-/adaptive-5.5.0.tgz#3fe484eaddbb31617475933e9a208fa7946f58b2"
  integrity sha512-uWZAxX60jhUlmWkwu/ZITqQvDBMrzg+u+tpBWfw27lTHqrEl3/dLZWfh/SD3aAJI7r9tBgYAncD7cXY9EsK5Dw==
  dependencies:
    "@fullcalendar/common" "~5.5.0"
    "@fullcalendar/premium-common" "~5.5.0"
    tslib "^2.0.3"

"@fullcalendar/common@~5.5.0":
  version "5.5.0"
  resolved "https://registry.yarnpkg.com/@fullcalendar/common/-/common-5.5.0.tgz#02509c8d96bb0bb7fcf397ccf564ed271a6cee00"
  integrity sha512-xHsHRI2xnC4vDPdRaOkt03SGIEsmlcSTI6RVInI2PQKi3n4otgM4ej3WL4B010uT4IzrBlUvNm8HHEo/o3g8Ug==
  dependencies:
    ical.js "^1.4.0"
    tslib "^2.0.3"

"@fullcalendar/core@^5.5.0":
  version "5.5.0"
  resolved "https://registry.yarnpkg.com/@fullcalendar/core/-/core-5.5.0.tgz#08373ce9b68a88ea3d48caf7a682a8261d90a3c7"
  integrity sha512-NHyrH6AP1zRRCWsK0NuY/bZFQes1UaGB2pukMv86A0Yq1BI7Y7m9u/yH7D0/ZCaNkCLVxrSlIwAOtMQxPPITdg==
  dependencies:
    "@fullcalendar/common" "~5.5.0"
    preact "^10.0.5"
    tslib "^2.0.3"

"@fullcalendar/interaction@^5.5.0":
  version "5.5.0"
  resolved "https://registry.yarnpkg.com/@fullcalendar/interaction/-/interaction-5.5.0.tgz#8fe3f2b89c55fad5835a9c74f7a95a7d97419afe"
  integrity sha512-LKc4VeESBkBkrI/sAtV++f4qUleYyt7STBrnuc5Mpojv7jg5x5XZ1rfOarLwRbEYSvbo6CwccDrsaLTbC1Qk2A==
  dependencies:
    "@fullcalendar/common" "~5.5.0"
    tslib "^2.0.3"

"@fullcalendar/premium-common@~5.5.0":
  version "5.5.0"
  resolved "https://registry.yarnpkg.com/@fullcalendar/premium-common/-/premium-common-5.5.0.tgz#c15ab675b66ccf1666fe741cc86c1cf5d7c2e56e"
  integrity sha512-8794uG3DES4eRr+q8shnhcVOEN0hJdNexfXZgYx/D2euWGsLNKo8+Xi4oQLcmEGZg1my9dmfzsqiHpRn2lDGSQ==
  dependencies:
    "@fullcalendar/common" "~5.5.0"
    tslib "^2.0.3"

"@fullcalendar/react@^5.5.0":
  version "5.5.0"
  resolved "https://registry.yarnpkg.com/@fullcalendar/react/-/react-5.5.0.tgz#4a74e816ee67c4de59ca6bae1a658e6e72c7970a"
  integrity sha512-ss109y/kYIb9mwmE9dZc5c2o5I4CoqREDqLNAur83CGC5NvCH8gRzZXEilZz1E6ORuziBEYkPPtREn7Mp+6lYg==
  dependencies:
    "@fullcalendar/common" "~5.5.0"
    tslib "^2.0.3"

"@fullcalendar/resource-common@~5.5.0":
  version "5.5.0"
  resolved "https://registry.yarnpkg.com/@fullcalendar/resource-common/-/resource-common-5.5.0.tgz#0739426064985844fb0a8263e20314796ec45f47"
  integrity sha512-Bp1oqL30p9UGJ28ippsXtaHrBxbDXdcM5z/ZLEnmjbDB2wAHhy4oMXHZITbDvv1NlCqw0HUKjNz/gjWIhhSFiA==
  dependencies:
    "@fullcalendar/common" "~5.5.0"
    "@fullcalendar/premium-common" "~5.5.0"
    tslib "^2.0.3"

"@fullcalendar/resource-timeline@^5.5.0":
  version "5.5.0"
  resolved "https://registry.yarnpkg.com/@fullcalendar/resource-timeline/-/resource-timeline-5.5.0.tgz#c19eaabe067739d37b69d23f321620f394ee363c"
  integrity sha512-HLjs9RbidX9p3XStOuOz/8x/jPBJ4/9B2SUSU7KlhjEWnwvaxAgfeNApXSFy1c2IUh40t3rxf31Z3z+HcbEyZw==
  dependencies:
    "@fullcalendar/common" "~5.5.0"
    "@fullcalendar/premium-common" "~5.5.0"
    "@fullcalendar/resource-common" "~5.5.0"
    "@fullcalendar/scrollgrid" "~5.5.0"
    "@fullcalendar/timeline" "~5.5.0"
    tslib "^2.0.3"

"@fullcalendar/scrollgrid@~5.5.0":
  version "5.5.0"
  resolved "https://registry.yarnpkg.com/@fullcalendar/scrollgrid/-/scrollgrid-5.5.0.tgz#dad249b6a826f06434342678d9458348b68f23fc"
  integrity sha512-xwWggE+rd1LkbdNeMNC/mevm5wRS3exBjggndCLuae6XzmGgzdx2HDJrtTbJAmJ2XSEbo3ugP4VGNv2XoAMPPQ==
  dependencies:
    "@fullcalendar/common" "~5.5.0"
    "@fullcalendar/premium-common" "~5.5.0"
    tslib "^2.0.3"

"@fullcalendar/timeline@~5.5.0":
  version "5.5.0"
  resolved "https://registry.yarnpkg.com/@fullcalendar/timeline/-/timeline-5.5.0.tgz#24e57ae1f38cd4bd0595e7342990bfd27d481abd"
  integrity sha512-W7Bj7X/+tKK62oT/KrSrcelpYFVt3MgEDnt2ju9BZzkjk5LX+Xa8jiH+PLFtUZasF9pJ50i86KICC9WnFZzu3g==
  dependencies:
    "@fullcalendar/common" "~5.5.0"
    "@fullcalendar/premium-common" "~5.5.0"
    "@fullcalendar/scrollgrid" "~5.5.0"
    tslib "^2.0.3"

ical.js@^1.4.0:
  version "1.4.0"
  resolved "https://registry.yarnpkg.com/ical.js/-/ical.js-1.4.0.tgz#fc5619dc55fe03d909bf04362aa0677f4541b9d7"
  integrity sha512-ltHZuOFNNjcyEYbzDgjemS7LWIFh2vydJeznxQHUh3dnarbxqOYsWONYteBVAq1MEOHnwXFGN2eskZReHclnrA==

preact@^10.0.5:
  version "10.5.9"
  resolved "https://registry.yarnpkg.com/preact/-/preact-10.5.9.tgz#8caba9288b4db1d593be2317467f8735e43cda0b"
  integrity sha512-X4m+4VMVINl/JFQKALOCwa3p8vhMAhBvle0hJ/W44w/WWfNb2TA7RNicDV3K2dNVs57f61GviEnVLiwN+fxiIg==

tslib@^2.0.3:
  version "2.1.0"
  resolved "https://registry.yarnpkg.com/tslib/-/tslib-2.1.0.tgz#da60860f1c2ecaa5703ab7d39bc05b6bf988b97a"
  integrity sha512-hcVC3wYEziELGGmEEXue7D75zbwIIVUMWAVbHItGPx0ziyXxrOMQx4rQEVEV45Ut/1IotuEvwqPopzIOkDMf0A==

twix@^1.2.1:
  version "1.2.1"
  resolved "https://registry.yarnpkg.com/twix/-/twix-1.2.1.tgz#daadc747ea14b35b16a77eeca46ba8d2815236f8"
