# THIS IS AN AUTOGENERATED FILE. DO NOT EDIT THIS FILE DIRECTLY.
# yarn lockfile v1


"@fullcalendar/core@^4.3.1", "@fullcalendar/core@~4.3.0":
  version "4.3.1"
  resolved "https://registry.yarnpkg.com/@fullcalendar/core/-/core-4.3.1.tgz#a061c6d2e998d4155439dbc8aefdfe01cdf648d8"
  integrity sha512-Eh+p/wpMkWGu26f8NpfQK9ecQMoZxX/aopv+0+4/CH+Ip0paP6iEc40JYgTz7RFl0bFqV1dvwyGyUZ4+9ZeySA==

"@fullcalendar/react@^4.3.0":
  version "4.3.0"
  resolved "https://registry.yarnpkg.com/@fullcalendar/react/-/react-4.3.0.tgz#db00bb0486daacdf139923e71d909cd1a572c23a"
  integrity sha512-nNSrStb0YLYPeHySrWlQrRrP7CX922tkAKJWkTtdCnIljYnRjdU0B75XMmt1VH1EpVPY1JPCkMBsWPZF2mcfag==
  dependencies:
    "@fullcalendar/core" "~4.3.0"
    fast-deep-equal "^2.0.1"

"@fullcalendar/resource-common@~4.3.0":
  version "4.3.1"
  resolved "https://registry.yarnpkg.com/@fullcalendar/resource-common/-/resource-common-4.3.1.tgz#cf676c6c61a0a2879dc67d505b16a9a67694c0f2"
  integrity sha512-c0u9jE1vUsXZJZZptdJ+OmGjBmkJYXr3OKbwqpc7ip49jiz5VSNZEdGR5fJ910GgbMrDTpYYMzbyifZE4XEzMw==

"@fullcalendar/resource-timeline@^4.3.0":
  version "4.3.0"
  resolved "https://registry.yarnpkg.com/@fullcalendar/resource-timeline/-/resource-timeline-4.3.0.tgz#4a1c1ce62c5c4174a6ceb6aa69f8ad5ac1b4c401"
  integrity sha512-FOgrsanEjYGVCzzn4DRIeFGpLyA2apDPZ74snhovBOTsqO9043wNtkH8N6jlhnwIMC7EwNJNbtaY+MgapMBtUw==
  dependencies:
    "@fullcalendar/resource-common" "~4.3.0"
    "@fullcalendar/timeline" "~4.3.0"

"@fullcalendar/timeline@~4.3.0":
  version "4.3.0"
  resolved "https://registry.yarnpkg.com/@fullcalendar/timeline/-/timeline-4.3.0.tgz#560a7e36ba25f686c7c8cdfbb5f489e9d4441760"
  integrity sha512-uJ1Q9Kb4ZhxVT1koCiXjTye836d7W+OlIcNM/D2Qo4kmuRSkai4xJlcDHIctf661geEOs6Tgl5QKFdP/s1kKYQ==

fast-deep-equal@^2.0.1:
  version "2.0.1"
  resolved "https://registry.yarnpkg.com/fast-deep-equal/-/fast-deep-equal-2.0.1.tgz#7b05218ddf9667bf7f370bf7fdb2cb15fdd0aa49"
  integrity sha1-ewUhjd+WZ79/Nwv3/bLLFf3Qqkk=

popper.js@^1.0.2:
  version "1.16.0"
  resolved "https://registry.yarnpkg.com/popper.js/-/popper.js-1.16.0.tgz#2e1816bcbbaa518ea6c2e15a466f4cb9c6e2fbb3"
  integrity sha512-+G+EkOPoE5S/zChTpmBSSDYmhXJ5PsW8eMhH8cP/CQHMFPBG/kC9Y5IIw6qNYgdJ+/COf0ddY2li28iHaZRSjw==

tooltip.js@^1.3.3:
  version "1.3.3"
  resolved "https://registry.yarnpkg.com/tooltip.js/-/tooltip.js-1.3.3.tgz#2ad0d77bb6776a76e117eac0afcd3c7d3a237121"
  integrity sha512-XWWuy/dBdF/F/YpRE955yqBZ4VdLfiTAUdOqoU+wJm6phJlMpEzl/iYHZ+qJswbeT9VG822bNfsETF9wzmoy5A==
  dependencies:
    popper.js "^1.0.2"

twix@^1.2.1:
  version "1.2.1"
  resolved "https://registry.yarnpkg.com/twix/-/twix-1.2.1.tgz#daadc747ea14b35b16a77eeca46ba8d2815236f8"
