# THIS IS AN AUTOGENERATED FILE. DO NOT EDIT THIS FILE DIRECTLY.
# yarn lockfile v1


hoist-non-react-statics@3.3.2:
  version "3.3.2"
  resolved "https://registry.yarnpkg.com/hoist-non-react-statics/-/hoist-non-react-statics-3.3.2.tgz#ece0acaf71d62c2969c2ec59feff42a4b1a85b45"
  integrity sha512-/gGivxi8JPKWNm/W0jSmzcMPpfpPLc3dY/6GxhX2hQ9iGj3aDfklV4ET7NjKpSinLpJ5vafa9iiGIEZg10SfBw==
  dependencies:
    react-is "^16.7.0"

react-google-recaptcha-v3@^1.4.1:
  version "1.5.2"
  resolved "https://registry.yarnpkg.com/react-google-recaptcha-v3/-/react-google-recaptcha-v3-1.5.2.tgz#0a20cb133270bd4fbd90a641937142e45d0ff9ae"
  integrity sha512-lv+uWHZJ7aU5cbDSPYprehnxLAysriyK2V6lNGv3EF7XVffJbV2bJb0b8m4FHi1EYC9+BnvmCZT1n8oupEgYMw==
  dependencies:
    hoist-non-react-statics "3.3.2"

react-is@^16.7.0:
  version "16.13.1"
  resolved "https://registry.yarnpkg.com/react-is/-/react-is-16.13.1.tgz#789729a4dc36de2999dc156dd6c1d9c18cea56a4"
  integrity sha512-24e6ynE2H+OKt4kqsOvNd8kBpV65zoxbA4BVsEOB3ARVWQki/DHzaUoC5KuON/BiccDaCCTZBuOcfZs70kR8bQ==
