# THIS IS AN AUTOGENERATED FILE. DO NOT EDIT THIS FILE DIRECTLY.
# yarn lockfile v1


autosize@^3.0.15:
  version "3.0.20"
  resolved "https://registry.yarnpkg.com/autosize/-/autosize-3.0.20.tgz#e343ea7c5603834738169420f0349dc953e62a9e"

classnames@^2.2.4:
  version "2.2.5"
  resolved "https://registry.yarnpkg.com/classnames/-/classnames-2.2.5.tgz#fb3801d453467649ef3603c7d61a02bd129bde6d"

clone@~2.1.1:
  version "2.1.1"
  resolved "https://registry.yarnpkg.com/clone/-/clone-2.1.1.tgz#d217d1e961118e3ac9a4b8bba3285553bf647cdb"

deep-equal@^1.0.1, deep-equal@~1.0.1:
  version "1.0.1"
  resolved "https://registry.yarnpkg.com/deep-equal/-/deep-equal-1.0.1.tgz#f5d260292b660e084eff4cdbc9f08ad3247448b5"

eventemitter3@~2.0.3:
  version "2.0.3"
  resolved "https://registry.yarnpkg.com/eventemitter3/-/eventemitter3-2.0.3.tgz#b5e1079b59fb5e1ba2771c0a993be060a58c99ba"

extend@^3.0.0, extend@~3.0.0:
  version "3.0.1"
  resolved "https://registry.yarnpkg.com/extend/-/extend-3.0.1.tgz#a755ea7bc1adfcc5a31ce7e762dbaadc5e636444"

fast-diff@1.1.1:
  version "1.1.1"
  resolved "https://registry.yarnpkg.com/fast-diff/-/fast-diff-1.1.1.tgz#0aea0e4e605b6a2189f0e936d4b7fbaf1b7cfd9b"

flatpickr@^2.4.8:
  version "2.4.8"
  resolved "https://registry.yarnpkg.com/flatpickr/-/flatpickr-2.4.8.tgz#152136c6657089ebb7c6af8cd969054c55bd3dd4"

lodash@^4.17.4:
  version "4.17.4"
  resolved "https://registry.yarnpkg.com/lodash/-/lodash-4.17.4.tgz#78203a4d1c328ae1d86dca6460e369b57f4055ae"

parchment@1.0.9:
  version "1.0.9"
  resolved "https://registry.yarnpkg.com/parchment/-/parchment-1.0.9.tgz#faa9f6ef654ebda3ba0199d6e460f24c73c677f2"

quill-delta@3.5.0:
  version "3.5.0"
  resolved "https://registry.yarnpkg.com/quill-delta/-/quill-delta-3.5.0.tgz#5b67e685da60c34eabed4449c416c74aab89157b"
  dependencies:
    deep-equal "^1.0.1"
    extend "^3.0.0"
    fast-diff "1.1.1"

quill@^1.2.0:
  version "1.2.4"
  resolved "https://registry.yarnpkg.com/quill/-/quill-1.2.4.tgz#2a822fb10f4346e63845b37637ee3d6bf0d20b65"
  dependencies:
    clone "~2.1.1"
    deep-equal "~1.0.1"
    eventemitter3 "~2.0.3"
    extend "~3.0.0"
    parchment "1.0.9"
    quill-delta "3.5.0"

react-autosize-textarea@^0.4.0:
  version "0.4.0"
  resolved "https://registry.yarnpkg.com/react-autosize-textarea/-/react-autosize-textarea-0.4.0.tgz#bce84c4130948af8f630de63aaceaae5c3547415"
  dependencies:
    autosize "^3.0.15"

react-input-autosize@^1.1.0:
  version "1.1.0"
  resolved "https://registry.yarnpkg.com/react-input-autosize/-/react-input-autosize-1.1.0.tgz#3fe1ac832387d8abab85f6051ceab1c9e5570853"

react-quill@^1.0.0-rc.2:
  version "1.0.0-rc.2"
  resolved "https://registry.yarnpkg.com/react-quill/-/react-quill-1.0.0-rc.2.tgz#86b5dd8a17a43066130f2fcac1a91d624e6668c9"
  dependencies:
    lodash "^4.17.4"
    quill "^1.2.0"

react-select@^1.0.0-rc.3:
  version "1.0.0-rc.3"
  resolved "https://registry.yarnpkg.com/react-select/-/react-select-1.0.0-rc.3.tgz#94ade090522153067eff09282d0525249ea1d9e3"
  dependencies:
    classnames "^2.2.4"
    react-input-autosize "^1.1.0"

tocco-theme@0.1.0:
  version "0.1.0"
  resolved "https://registry.yarnpkg.com/tocco-theme/-/tocco-theme-0.1.0.tgz#49cbbbc823cce3c119fc26a41ac2a281cafd206b"
