# THIS IS AN AUTOGENERATED FILE. DO NOT EDIT THIS FILE DIRECTLY.
# yarn lockfile v1


"@types/quill@*":
  version "1.3.6"
  resolved "https://registry.yarnpkg.com/@types/quill/-/quill-1.3.6.tgz#147ea3b069aad63e49beb235b778a46ff131619e"
  dependencies:
    parchment "^1.1.2"

"@types/react@*":
  version "16.3.5"
  resolved "https://registry.yarnpkg.com/@types/react/-/react-16.3.5.tgz#bd3b21285602ea7cadb4b9e0d9711d96fd5692cc"
  dependencies:
    csstype "^2.0.0"

asap@~2.0.3:
  version "2.0.5"
  resolved "https://registry.yarnpkg.com/asap/-/asap-2.0.5.tgz#522765b50c3510490e52d7dcfe085ef9ba96958f"

attr-accept@^1.0.3:
  version "1.1.0"
  resolved "https://registry.yarnpkg.com/attr-accept/-/attr-accept-1.1.0.tgz#b5cd35227f163935a8f1de10ed3eba16941f6be6"

autosize@^3.0.15:
  version "3.0.20"
  resolved "https://registry.yarnpkg.com/autosize/-/autosize-3.0.20.tgz#e343ea7c5603834738169420f0349dc953e62a9e"

classnames@^2.2.4:
  version "2.2.5"
  resolved "https://registry.yarnpkg.com/classnames/-/classnames-2.2.5.tgz#fb3801d453467649ef3603c7d61a02bd129bde6d"

clone@^2.1.1:
  version "2.1.2"
  resolved "https://registry.yarnpkg.com/clone/-/clone-2.1.2.tgz#1b7f4b9f591f1e8f83670401600345a02887435f"

core-js@^1.0.0:
  version "1.2.7"
  resolved "https://registry.yarnpkg.com/core-js/-/core-js-1.2.7.tgz#652294c14651db28fa93bd2d5ff2983a4f08c636"

create-react-class@^15.6.0:
  version "15.6.3"
  resolved "https://registry.yarnpkg.com/create-react-class/-/create-react-class-15.6.3.tgz#2d73237fb3f970ae6ebe011a9e66f46dbca80036"
  dependencies:
    fbjs "^0.8.9"
    loose-envify "^1.3.1"
    object-assign "^4.1.1"

csstype@^2.0.0:
  version "2.1.1"
  resolved "https://registry.yarnpkg.com/csstype/-/csstype-2.1.1.tgz#37b01a7a9958ef0b88167ff6678deccd732e0ae2"

deep-equal@^1.0.1:
  version "1.0.1"
  resolved "https://registry.yarnpkg.com/deep-equal/-/deep-equal-1.0.1.tgz#f5d260292b660e084eff4cdbc9f08ad3247448b5"

encoding@^0.1.11:
  version "0.1.12"
  resolved "https://registry.yarnpkg.com/encoding/-/encoding-0.1.12.tgz#538b66f3ee62cd1ab51ec323829d1f9480c74beb"
  dependencies:
    iconv-lite "~0.4.13"

eventemitter3@^2.0.3:
  version "2.0.3"
  resolved "https://registry.yarnpkg.com/eventemitter3/-/eventemitter3-2.0.3.tgz#b5e1079b59fb5e1ba2771c0a993be060a58c99ba"

extend@^3.0.1:
  version "3.0.1"
  resolved "https://registry.yarnpkg.com/extend/-/extend-3.0.1.tgz#a755ea7bc1adfcc5a31ce7e762dbaadc5e636444"

fast-diff@1.1.2:
  version "1.1.2"
  resolved "https://registry.yarnpkg.com/fast-diff/-/fast-diff-1.1.2.tgz#4b62c42b8e03de3f848460b639079920695d0154"

fbjs@^0.8.16:
  version "0.8.16"
  resolved "https://registry.yarnpkg.com/fbjs/-/fbjs-0.8.16.tgz#5e67432f550dc41b572bf55847b8aca64e5337db"
  dependencies:
    core-js "^1.0.0"
    isomorphic-fetch "^2.1.1"
    loose-envify "^1.0.0"
    object-assign "^4.1.0"
    promise "^7.1.1"
    setimmediate "^1.0.5"
    ua-parser-js "^0.7.9"

fbjs@^0.8.9:
  version "0.8.12"
  resolved "https://registry.yarnpkg.com/fbjs/-/fbjs-0.8.12.tgz#10b5d92f76d45575fd63a217d4ea02bea2f8ed04"
  dependencies:
    core-js "^1.0.0"
    isomorphic-fetch "^2.1.1"
    loose-envify "^1.0.0"
    object-assign "^4.1.0"
    promise "^7.1.1"
    setimmediate "^1.0.5"
    ua-parser-js "^0.7.9"

flatpickr@^4.4.4:
  version "4.4.4"
  resolved "https://registry.yarnpkg.com/flatpickr/-/flatpickr-4.4.4.tgz#fdeb083ca3d580eecb822a4080f67b06f0294fc7"

iconv-lite@~0.4.13:
  version "0.4.17"
  resolved "https://registry.yarnpkg.com/iconv-lite/-/iconv-lite-0.4.17.tgz#4fdaa3b38acbc2c031b045d0edcdfe1ecab18c8d"

is-stream@^1.0.1:
  version "1.1.0"
  resolved "https://registry.yarnpkg.com/is-stream/-/is-stream-1.1.0.tgz#12d4a3dd4e68e0b79ceb8dbc84173ae80d91ca44"

isomorphic-fetch@^2.1.1:
  version "2.2.1"
  resolved "https://registry.yarnpkg.com/isomorphic-fetch/-/isomorphic-fetch-2.2.1.tgz#611ae1acf14f5e81f729507472819fe9733558a9"
  dependencies:
    node-fetch "^1.0.1"
    whatwg-fetch ">=0.10.0"

js-tokens@^3.0.0:
  version "3.0.1"
  resolved "https://registry.yarnpkg.com/js-tokens/-/js-tokens-3.0.1.tgz#08e9f132484a2c45a30907e9dc4d5567b7f114d7"

libphonenumber-js@^1.2.15:
  version "1.2.15"
  resolved "https://registry.yarnpkg.com/libphonenumber-js/-/libphonenumber-js-1.2.15.tgz#f4c5ee85cd0a5438b3f1906bb0467f33975768f3"
  dependencies:
    minimist "^1.2.0"
    semver-compare "^1.0.0"
    xml2js "^0.4.17"

lodash@^4.17.4:
  version "4.17.4"
  resolved "https://registry.yarnpkg.com/lodash/-/lodash-4.17.4.tgz#78203a4d1c328ae1d86dca6460e369b57f4055ae"

loose-envify@^1.0.0, loose-envify@^1.3.1:
  version "1.3.1"
  resolved "https://registry.yarnpkg.com/loose-envify/-/loose-envify-1.3.1.tgz#d1a8ad33fa9ce0e713d65fdd0ac8b748d478c848"
  dependencies:
    js-tokens "^3.0.0"

minimist@^1.2.0:
  version "1.2.0"
  resolved "https://registry.yarnpkg.com/minimist/-/minimist-1.2.0.tgz#a35008b20f41383eec1fb914f4cd5df79a264284"

node-fetch@^1.0.1:
  version "1.7.0"
  resolved "https://registry.yarnpkg.com/node-fetch/-/node-fetch-1.7.0.tgz#3ff6c56544f9b7fb00682338bb55ee6f54a8a0ef"
  dependencies:
    encoding "^0.1.11"
    is-stream "^1.0.1"

object-assign@^4.1.0, object-assign@^4.1.1:
  version "4.1.1"
  resolved "https://registry.yarnpkg.com/object-assign/-/object-assign-4.1.1.tgz#2109adc7965887cfc05cbbd442cac8bfbb360863"

parchment@^1.1.2, parchment@^1.1.4:
  version "1.1.4"
  resolved "https://registry.yarnpkg.com/parchment/-/parchment-1.1.4.tgz#aeded7ab938fe921d4c34bc339ce1168bc2ffde5"

promise@^7.1.1:
  version "7.1.1"
  resolved "https://registry.yarnpkg.com/promise/-/promise-7.1.1.tgz#489654c692616b8aa55b0724fa809bb7db49c5bf"
  dependencies:
    asap "~2.0.3"

prop-types@^15.5.10:
  version "15.6.1"
  resolved "https://registry.yarnpkg.com/prop-types/-/prop-types-15.6.1.tgz#36644453564255ddda391191fb3a125cbdf654ca"
  dependencies:
    fbjs "^0.8.16"
    loose-envify "^1.3.1"
    object-assign "^4.1.1"

prop-types@^15.5.6, prop-types@^15.5.8:
  version "15.5.10"
  resolved "https://registry.yarnpkg.com/prop-types/-/prop-types-15.5.10.tgz#2797dfc3126182e3a95e3dfbb2e893ddd7456154"
  dependencies:
    fbjs "^0.8.9"
    loose-envify "^1.3.1"

prop-types@^15.5.7:
  version "15.6.0"
  resolved "https://registry.yarnpkg.com/prop-types/-/prop-types-15.6.0.tgz#ceaf083022fc46b4a35f69e13ef75aed0d639856"
  dependencies:
    fbjs "^0.8.16"
    loose-envify "^1.3.1"
    object-assign "^4.1.1"

quill-delta@^3.6.2:
  version "3.6.2"
  resolved "https://registry.yarnpkg.com/quill-delta/-/quill-delta-3.6.2.tgz#76eed0163b8b09a076fba6ade29307c42b40b8d8"
  dependencies:
    deep-equal "^1.0.1"
    extend "^3.0.1"
    fast-diff "1.1.2"

quill@^1.2.6:
  version "1.3.6"
  resolved "https://registry.yarnpkg.com/quill/-/quill-1.3.6.tgz#99f4de1fee85925a0d7d4163b6d8328f23317a4d"
  dependencies:
    clone "^2.1.1"
    deep-equal "^1.0.1"
    eventemitter3 "^2.0.3"
    extend "^3.0.1"
    parchment "^1.1.4"
    quill-delta "^3.6.2"

react-autosize-textarea@^0.4.3:
  version "0.4.3"
  resolved "https://registry.yarnpkg.com/react-autosize-textarea/-/react-autosize-textarea-0.4.3.tgz#71aa029a1278352dc805841fea880223cb99737a"
  dependencies:
    autosize "^3.0.15"
    prop-types "^15.5.6"

react-dom-factories@^1.0.0:
  version "1.0.2"
  resolved "https://registry.yarnpkg.com/react-dom-factories/-/react-dom-factories-1.0.2.tgz#eb7705c4db36fb501b3aa38ff759616aa0ff96e0"

react-dropzone@^4.1.3:
  version "4.1.3"
  resolved "https://registry.yarnpkg.com/react-dropzone/-/react-dropzone-4.1.3.tgz#25a0292c994541158d38155d08bb96e0aa5b83b2"
  dependencies:
    attr-accept "^1.0.3"
    prop-types "^15.5.7"

react-input-autosize@^2.1.2:
  version "2.2.1"
  resolved "https://registry.yarnpkg.com/react-input-autosize/-/react-input-autosize-2.2.1.tgz#ec428fa15b1592994fb5f9aa15bb1eb6baf420f8"
  dependencies:
    prop-types "^15.5.8"

react-quill@^1.2.7:
  version "1.2.7"
  resolved "https://registry.yarnpkg.com/react-quill/-/react-quill-1.2.7.tgz#3e74fadbb30dce915733ad230f92415894437c16"
  dependencies:
    "@types/quill" "*"
    "@types/react" "*"
    create-react-class "^15.6.0"
    lodash "^4.17.4"
    prop-types "^15.5.10"
    quill "^1.2.6"
    react-dom-factories "^1.0.0"

react-select@1.2.1:
  version "1.2.1"
  resolved "https://registry.yarnpkg.com/react-select/-/react-select-1.2.1.tgz#a2fe58a569eb14dcaa6543816260b97e538120d1"
  dependencies:
    classnames "^2.2.4"
    prop-types "^15.5.8"
    react-input-autosize "^2.1.2"

react-tether@^0.6.1:
  version "0.6.1"
  resolved "https://registry.yarnpkg.com/react-tether/-/react-tether-0.6.1.tgz#de64dd81a5e40053a9f275c4fef0beb0877b3e4e"
  dependencies:
    prop-types "^15.5.8"
    tether "^1.4.3"

sax@>=0.6.0:
  version "1.2.4"
  resolved "https://registry.yarnpkg.com/sax/-/sax-1.2.4.tgz#2816234e2378bddc4e5354fab5caa895df7100d9"

semver-compare@^1.0.0:
  version "1.0.0"
  resolved "https://registry.yarnpkg.com/semver-compare/-/semver-compare-1.0.0.tgz#0dee216a1c941ab37e9efb1788f6afc5ff5537fc"

setimmediate@^1.0.5:
  version "1.0.5"
  resolved "https://registry.yarnpkg.com/setimmediate/-/setimmediate-1.0.5.tgz#290cbb232e306942d7d7ea9b83732ab7856f8285"

tether@^1.4.3:
  version "1.4.3"
  resolved "https://registry.yarnpkg.com/tether/-/tether-1.4.3.tgz#fd547024c47b6e5c9b87e1880f997991a9a6ad54"

ua-parser-js@^0.7.9:
  version "0.7.12"
  resolved "https://registry.yarnpkg.com/ua-parser-js/-/ua-parser-js-0.7.12.tgz#04c81a99bdd5dc52263ea29d24c6bf8d4818a4bb"

whatwg-fetch@>=0.10.0:
  version "2.0.3"
  resolved "https://registry.yarnpkg.com/whatwg-fetch/-/whatwg-fetch-2.0.3.tgz#9c84ec2dcf68187ff00bc64e1274b442176e1c84"

xml2js@^0.4.17:
  version "0.4.19"
  resolved "https://registry.yarnpkg.com/xml2js/-/xml2js-0.4.19.tgz#686c20f213209e94abf0d1bcf1efaa291c7827a7"
  dependencies:
    sax ">=0.6.0"
    xmlbuilder "~9.0.1"

xmlbuilder@~9.0.1:
  version "9.0.7"
  resolved "https://registry.yarnpkg.com/xmlbuilder/-/xmlbuilder-9.0.7.tgz#132ee63d2ec5565c557e20f4c22df9aca686b10d"
