# THIS IS AN AUTOGENERATED FILE. DO NOT EDIT THIS FILE DIRECTLY.
# yarn lockfile v1


libphonenumber-js@^1.2.15:
  version "1.2.15"
  resolved "https://registry.yarnpkg.com/libphonenumber-js/-/libphonenumber-js-1.2.15.tgz#f4c5ee85cd0a5438b3f1906bb0467f33975768f3"
  dependencies:
    minimist "^1.2.0"
    semver-compare "^1.0.0"
    xml2js "^0.4.17"

minimist@^1.2.0:
  version "1.2.0"
  resolved "https://registry.yarnpkg.com/minimist/-/minimist-1.2.0.tgz#a35008b20f41383eec1fb914f4cd5df79a264284"

sax@>=0.6.0:
  version "1.2.4"
  resolved "https://registry.yarnpkg.com/sax/-/sax-1.2.4.tgz#2816234e2378bddc4e5354fab5caa895df7100d9"

semver-compare@^1.0.0:
  version "1.0.0"
  resolved "https://registry.yarnpkg.com/semver-compare/-/semver-compare-1.0.0.tgz#0dee216a1c941ab37e9efb1788f6afc5ff5537fc"

validator@^10.0.0:
  version "10.0.0"
  resolved "https://registry.yarnpkg.com/validator/-/validator-10.0.0.tgz#f57664d1d4bee46291f76be95ed27733cc8156aa"

xml2js@^0.4.17:
  version "0.4.19"
  resolved "https://registry.yarnpkg.com/xml2js/-/xml2js-0.4.19.tgz#686c20f213209e94abf0d1bcf1efaa291c7827a7"
  dependencies:
    sax ">=0.6.0"
    xmlbuilder "~9.0.1"

xmlbuilder@~9.0.1:
  version "9.0.7"
  resolved "https://registry.yarnpkg.com/xmlbuilder/-/xmlbuilder-9.0.7.tgz#132ee63d2ec5565c557e20f4c22df9aca686b10d"
