# THIS IS AN AUTOGENERATED FILE. DO NOT EDIT THIS FILE DIRECTLY.
# yarn lockfile v1


dompurify@^2.3.5:
  version "2.3.5"
  resolved "https://registry.yarnpkg.com/dompurify/-/dompurify-2.3.5.tgz#c83ed5a3ae5ce23e52efe654ea052ffb358dd7e3"
  integrity sha512-kD+f8qEaa42+mjdOpKeztu9Mfx5bv9gVLO6K9jRx4uGvh6Wv06Srn4jr1wPNY2OOUGGSKHNFN+A8MA3v0E0QAQ==
