# THIS IS AN AUTOGENERATED FILE. DO NOT EDIT THIS FILE DIRECTLY.
# yarn lockfile v1


dompurify@^2.3.6:
  version "2.3.6"
  resolved "https://registry.yarnpkg.com/dompurify/-/dompurify-2.3.6.tgz#2e019d7d7617aacac07cbbe3d88ae3ad354cf875"
  integrity sha512-OFP2u/3T1R5CEgWCEONuJ1a5+MFKnOYpkywpUSxv/dj1LeBT1erK+JwM7zK0ROy2BRhqVCf0LRw/kHqKuMkVGg==

path-to-regexp@^3.0.0:
  version "3.2.0"
  resolved "https://registry.yarnpkg.com/path-to-regexp/-/path-to-regexp-3.2.0.tgz#fa7877ecbc495c601907562222453c43cc204a5f"
  integrity sha512-jczvQbCUS7XmS7o+y1aEO9OBVFeZBQ1MDSEqmO7xSoPgOPoowY/SxLpZ6Vh97/8qHZOteiCKb7gkG9gA2ZUxJA==
