# THIS IS AN AUTOGENERATED FILE. DO NOT EDIT THIS FILE DIRECTLY.
# yarn lockfile v1


dompurify@^2.4.0:
  version "2.4.0"
  resolved "https://registry.yarnpkg.com/dompurify/-/dompurify-2.4.0.tgz#c9c88390f024c2823332615c9e20a453cf3825dd"
  integrity sha512-Be9tbQMZds4a3C6xTmz68NlMfeONA//4dOavl/1rNw50E+/QO0KVpbcU0PcaW0nsQxurXls9ZocqFxk8R2mWEA==

path-to-regexp@^6.2.1:
  version "6.2.1"
  resolved "https://registry.yarnpkg.com/path-to-regexp/-/path-to-regexp-6.2.1.tgz#d54934d6798eb9e5ef14e7af7962c945906918e5"
  integrity sha512-JLyh7xT1kizaEvcaXOQwOc2/Yhw6KZOvPf1S8401UyLk86CU79LN3vl7ztXGm/pZ+YjoyAJ4rxmHwbkBXJX+yw==
