# THIS IS AN AUTOGENERATED FILE. DO NOT EDIT THIS FILE DIRECTLY.
# yarn lockfile v1


dompurify@^2.3.10:
  version "2.3.10"
  resolved "https://registry.yarnpkg.com/dompurify/-/dompurify-2.3.10.tgz#901f7390ffe16a91a5a556b94043314cd4850385"
  integrity sha512-o7Fg/AgC7p/XpKjf/+RC3Ok6k4St5F7Q6q6+Nnm3p2zGWioAY6dh0CbbuwOhH2UcSzKsdniE/YnE2/92JcsA+g==

path-to-regexp@^6.2.1:
  version "6.2.1"
  resolved "https://registry.yarnpkg.com/path-to-regexp/-/path-to-regexp-6.2.1.tgz#d54934d6798eb9e5ef14e7af7962c945906918e5"
  integrity sha512-JLyh7xT1kizaEvcaXOQwOc2/Yhw6KZOvPf1S8401UyLk86CU79LN3vl7ztXGm/pZ+YjoyAJ4rxmHwbkBXJX+yw==
