# THIS IS AN AUTOGENERATED FILE. DO NOT EDIT THIS FILE DIRECTLY.
# yarn lockfile v1


asap@~2.0.3:
  version "2.0.5"
  resolved "https://registry.yarnpkg.com/asap/-/asap-2.0.5.tgz#522765b50c3510490e52d7dcfe085ef9ba96958f"

ast-types@0.9.6:
  version "0.9.6"
  resolved "https://registry.yarnpkg.com/ast-types/-/ast-types-0.9.6.tgz#102c9e9e9005d3e7e3829bf0c4fa24ee862ee9b9"

async@^1.4.2:
  version "1.5.2"
  resolved "https://registry.yarnpkg.com/async/-/async-1.5.2.tgz#ec6a61ae56480c0c3cb241c95618e20892f9672a"

babel-runtime@^6.9.2:
  version "6.23.0"
  resolved "https://registry.yarnpkg.com/babel-runtime/-/babel-runtime-6.23.0.tgz#0a9489f144de70efb3ce4300accdb329e2fc543b"
  dependencies:
    core-js "^2.4.0"
    regenerator-runtime "^0.10.0"

babylon@~5.8.3:
  version "5.8.38"
  resolved "https://registry.yarnpkg.com/babylon/-/babylon-5.8.38.tgz#ec9b120b11bf6ccd4173a18bf217e60b79859ffd"

balanced-match@^0.4.1:
  version "0.4.2"
  resolved "https://registry.yarnpkg.com/balanced-match/-/balanced-match-0.4.2.tgz#cb3f3e3c732dc0f01ee70b403f302e61d7709838"

brace-expansion@^1.0.0:
  version "1.1.6"
  resolved "https://registry.yarnpkg.com/brace-expansion/-/brace-expansion-1.1.6.tgz#7197d7eaa9b87e648390ea61fc66c84427420df9"
  dependencies:
    balanced-match "^0.4.1"
    concat-map "0.0.1"

classnames@^2.2.5:
  version "2.2.5"
  resolved "https://registry.yarnpkg.com/classnames/-/classnames-2.2.5.tgz#fb3801d453467649ef3603c7d61a02bd129bde6d"

commander@^2.9.0:
  version "2.9.0"
  resolved "https://registry.yarnpkg.com/commander/-/commander-2.9.0.tgz#9c99094176e12240cb22d6c5146098400fe0f7d4"
  dependencies:
    graceful-readlink ">= 1.0.0"

concat-map@0.0.1:
  version "0.0.1"
  resolved "https://registry.yarnpkg.com/concat-map/-/concat-map-0.0.1.tgz#d8a96bd77fd68df7793a73036a3ba0d5405d477b"

core-js@^1.0.0:
  version "1.2.7"
  resolved "https://registry.yarnpkg.com/core-js/-/core-js-1.2.7.tgz#652294c14651db28fa93bd2d5ff2983a4f08c636"

core-js@^2.4.0:
  version "2.4.1"
  resolved "https://registry.yarnpkg.com/core-js/-/core-js-2.4.1.tgz#4de911e667b0eae9124e34254b53aea6fc618d3e"

doctrine@^2.0.0:
  version "2.0.0"
  resolved "https://registry.yarnpkg.com/doctrine/-/doctrine-2.0.0.tgz#c73d8d2909d22291e1a007a395804da8b665fe63"
  dependencies:
    esutils "^2.0.2"
    isarray "^1.0.0"

encoding@^0.1.11:
  version "0.1.12"
  resolved "https://registry.yarnpkg.com/encoding/-/encoding-0.1.12.tgz#538b66f3ee62cd1ab51ec323829d1f9480c74beb"
  dependencies:
    iconv-lite "~0.4.13"

esprima@~3.1.0:
  version "3.1.3"
  resolved "https://registry.yarnpkg.com/esprima/-/esprima-3.1.3.tgz#fdca51cee6133895e3c88d535ce49dbff62a4633"

esutils@^2.0.2:
  version "2.0.2"
  resolved "https://registry.yarnpkg.com/esutils/-/esutils-2.0.2.tgz#0abf4f1caa5bcb1f7a9d8acc6dea4faaa04bac9b"

fbjs@^0.8.1, fbjs@^0.8.4:
  version "0.8.12"
  resolved "https://registry.yarnpkg.com/fbjs/-/fbjs-0.8.12.tgz#10b5d92f76d45575fd63a217d4ea02bea2f8ed04"
  dependencies:
    core-js "^1.0.0"
    isomorphic-fetch "^2.1.1"
    loose-envify "^1.0.0"
    object-assign "^4.1.0"
    promise "^7.1.1"
    setimmediate "^1.0.5"
    ua-parser-js "^0.7.9"

"graceful-readlink@>= 1.0.0":
  version "1.0.1"
  resolved "https://registry.yarnpkg.com/graceful-readlink/-/graceful-readlink-1.0.1.tgz#4cafad76bc62f02fa039b2f94e9a3dd3a391a725"

highlight.js@^9.6.0, highlight.js@^9.9.0:
  version "9.10.0"
  resolved "https://registry.yarnpkg.com/highlight.js/-/highlight.js-9.10.0.tgz#f9f0b14c0be00f0e4fb1e577b749fed9e6f52f55"

iconv-lite@~0.4.13:
  version "0.4.15"
  resolved "https://registry.yarnpkg.com/iconv-lite/-/iconv-lite-0.4.15.tgz#fe265a218ac6a57cfe854927e9d04c19825eddeb"

is-stream@^1.0.1:
  version "1.1.0"
  resolved "https://registry.yarnpkg.com/is-stream/-/is-stream-1.1.0.tgz#12d4a3dd4e68e0b79ceb8dbc84173ae80d91ca44"

isarray@^1.0.0:
  version "1.0.0"
  resolved "https://registry.yarnpkg.com/isarray/-/isarray-1.0.0.tgz#bb935d48582cba168c06834957a54a3e07124f11"

isomorphic-fetch@^2.1.1:
  version "2.2.1"
  resolved "https://registry.yarnpkg.com/isomorphic-fetch/-/isomorphic-fetch-2.2.1.tgz#611ae1acf14f5e81f729507472819fe9733558a9"
  dependencies:
    node-fetch "^1.0.1"
    whatwg-fetch ">=0.10.0"

js-tokens@^3.0.0:
  version "3.0.1"
  resolved "https://registry.yarnpkg.com/js-tokens/-/js-tokens-3.0.1.tgz#08e9f132484a2c45a30907e9dc4d5567b7f114d7"

loose-envify@^1.0.0, loose-envify@^1.1.0:
  version "1.3.1"
  resolved "https://registry.yarnpkg.com/loose-envify/-/loose-envify-1.3.1.tgz#d1a8ad33fa9ce0e713d65fdd0ac8b748d478c848"
  dependencies:
    js-tokens "^3.0.0"

minimatch@^3.0.2:
  version "3.0.3"
  resolved "https://registry.yarnpkg.com/minimatch/-/minimatch-3.0.3.tgz#2a4e4090b96b2db06a9d7df01055a62a77c9b774"
  dependencies:
    brace-expansion "^1.0.0"

node-dir@^0.1.10:
  version "0.1.16"
  resolved "https://registry.yarnpkg.com/node-dir/-/node-dir-0.1.16.tgz#d2ef583aa50b90d93db8cdd26fcea58353957fe4"
  dependencies:
    minimatch "^3.0.2"

node-fetch@^1.0.1:
  version "1.6.3"
  resolved "https://registry.yarnpkg.com/node-fetch/-/node-fetch-1.6.3.tgz#dc234edd6489982d58e8f0db4f695029abcd8c04"
  dependencies:
    encoding "^0.1.11"
    is-stream "^1.0.1"

object-assign@^4.1.0:
  version "4.1.1"
  resolved "https://registry.yarnpkg.com/object-assign/-/object-assign-4.1.1.tgz#2109adc7965887cfc05cbbd442cac8bfbb360863"

private@~0.1.5:
  version "0.1.7"
  resolved "https://registry.yarnpkg.com/private/-/private-0.1.7.tgz#68ce5e8a1ef0a23bb570cc28537b5332aba63ef1"

promise@^7.1.1:
  version "7.1.1"
  resolved "https://registry.yarnpkg.com/promise/-/promise-7.1.1.tgz#489654c692616b8aa55b0724fa809bb7db49c5bf"
  dependencies:
    asap "~2.0.3"

raw-loader@^0.5.1:
  version "0.5.1"
  resolved "https://registry.yarnpkg.com/raw-loader/-/raw-loader-0.5.1.tgz#0c3d0beaed8a01c966d9787bf778281252a979aa"

react-docgen@^2.12.1:
  version "2.13.0"
  resolved "https://registry.yarnpkg.com/react-docgen/-/react-docgen-2.13.0.tgz#7fcc4a3104ea8d4fd428383ba38df11166837be9"
  dependencies:
    async "^1.4.2"
    babel-runtime "^6.9.2"
    babylon "~5.8.3"
    commander "^2.9.0"
    doctrine "^2.0.0"
    node-dir "^0.1.10"
    recast "^0.11.5"

"react-dom@^0.14.0 || ^15.0.0":
  version "15.4.2"
  resolved "https://registry.yarnpkg.com/react-dom/-/react-dom-15.4.2.tgz#015363f05b0a1fd52ae9efdd3a0060d90695208f"
  dependencies:
    fbjs "^0.8.1"
    loose-envify "^1.1.0"
    object-assign "^4.1.0"

react-highlight@^0.9.0:
  version "0.9.0"
  resolved "https://registry.yarnpkg.com/react-highlight/-/react-highlight-0.9.0.tgz#d5edee744ccb8689f7938794b6a1b554bb150eb7"
  dependencies:
    highlight.js "^9.6.0"
    react "^0.14.0 || ^15.0.0"
    react-dom "^0.14.0 || ^15.0.0"

react-scrollspy@^2.5.0:
  version "2.6.4"
  resolved "https://registry.yarnpkg.com/react-scrollspy/-/react-scrollspy-2.6.4.tgz#7353724a45b31deefe2c2b8e8957415a8b48f2f9"
  dependencies:
    classnames "^2.2.5"

"react@^0.14.0 || ^15.0.0":
  version "15.4.2"
  resolved "https://registry.yarnpkg.com/react/-/react-15.4.2.tgz#41f7991b26185392ba9bae96c8889e7e018397ef"
  dependencies:
    fbjs "^0.8.4"
    loose-envify "^1.1.0"
    object-assign "^4.1.0"

recast@^0.11.5:
  version "0.11.23"
  resolved "https://registry.yarnpkg.com/recast/-/recast-0.11.23.tgz#451fd3004ab1e4df9b4e4b66376b2a21912462d3"
  dependencies:
    ast-types "0.9.6"
    esprima "~3.1.0"
    private "~0.1.5"
    source-map "~0.5.0"

regenerator-runtime@^0.10.0:
  version "0.10.3"
  resolved "https://registry.yarnpkg.com/regenerator-runtime/-/regenerator-runtime-0.10.3.tgz#8c4367a904b51ea62a908ac310bf99ff90a82a3e"

setimmediate@^1.0.5:
  version "1.0.5"
  resolved "https://registry.yarnpkg.com/setimmediate/-/setimmediate-1.0.5.tgz#290cbb232e306942d7d7ea9b83732ab7856f8285"

source-map@~0.5.0:
  version "0.5.6"
  resolved "https://registry.yarnpkg.com/source-map/-/source-map-0.5.6.tgz#75ce38f52bf0733c5a7f0c118d81334a2bb5f412"

tocco-theme@0.1.1:
  version "0.1.1"
  resolved "https://registry.yarnpkg.com/tocco-theme/-/tocco-theme-0.1.1.tgz#4612ea87652648fb965893f0698695462b1c1506"

ua-parser-js@^0.7.9:
  version "0.7.12"
  resolved "https://registry.yarnpkg.com/ua-parser-js/-/ua-parser-js-0.7.12.tgz#04c81a99bdd5dc52263ea29d24c6bf8d4818a4bb"

whatwg-fetch@>=0.10.0:
  version "2.0.3"
  resolved "https://registry.yarnpkg.com/whatwg-fetch/-/whatwg-fetch-2.0.3.tgz#9c84ec2dcf68187ff00bc64e1274b442176e1c84"
