# THIS IS AN AUTOGENERATED FILE. DO NOT EDIT THIS FILE DIRECTLY.
# yarn lockfile v1


bootstrap-sass@^3.3.7:
  version "3.3.7"
  resolved "https://registry.yarnpkg.com/bootstrap-sass/-/bootstrap-sass-3.3.7.tgz#6596c7ab40f6637393323ab0bc80d064fc630498"

font-awesome@^4.7.0:
  version "4.7.0"
  resolved "https://registry.yarnpkg.com/font-awesome/-/font-awesome-4.7.0.tgz#8fa8cf0411a1a31afd07b06d2902bb9fc815a133"
