# THIS IS AN AUTOGENERATED FILE. DO NOT EDIT THIS FILE DIRECTLY.
# yarn lockfile v1


amdefine@>=0.0.4:
  version "1.0.1"
  resolved "https://registry.yarnpkg.com/amdefine/-/amdefine-1.0.1.tgz#4a5282ac164729e93619bcfd3ad151f817ce91f5"
  integrity sha1-SlKCrBZHKek2Gbz9OtFR+BfOkfU=

ast-transform@0.0.0:
  version "0.0.0"
  resolved "https://registry.yarnpkg.com/ast-transform/-/ast-transform-0.0.0.tgz#74944058887d8283e189d954600947bc98fe0062"
  integrity sha1-dJRAWIh9goPhidlUYAlHvJj+AGI=
  dependencies:
    escodegen "~1.2.0"
    esprima "~1.0.4"
    through "~2.3.4"

ast-types@^0.7.0:
  version "0.7.8"
  resolved "https://registry.yarnpkg.com/ast-types/-/ast-types-0.7.8.tgz#902d2e0d60d071bdcd46dc115e1809ed11c138a9"
  integrity sha1-kC0uDWDQcb3NRtwRXhgJ7RHBOKk=

browser-resolve@^1.8.1:
  version "1.11.3"
  resolved "https://registry.yarnpkg.com/browser-resolve/-/browser-resolve-1.11.3.tgz#9b7cbb3d0f510e4cb86bdbd796124d28b5890af6"
  integrity sha512-exDi1BYWB/6raKHmDTCicQfTkqwN5fioMFV4j8BsfMU4R2DK/QfZfK7kOVkmWCNANf0snkBzqGqAJBao9gZMdQ==
  dependencies:
    resolve "1.1.7"

browserify-optional@^1.0.0:
  version "1.0.1"
  resolved "https://registry.yarnpkg.com/browserify-optional/-/browserify-optional-1.0.1.tgz#1e13722cfde0d85f121676c2a72ced533a018869"
  integrity sha1-HhNyLP3g2F8SFnbCpyztUzoBiGk=
  dependencies:
    ast-transform "0.0.0"
    ast-types "^0.7.0"
    browser-resolve "^1.8.1"

classnames@^2.2.6:
  version "2.2.6"
  resolved "https://registry.yarnpkg.com/classnames/-/classnames-2.2.6.tgz#43935bffdd291f326dad0a205309b38d00f650ce"
  integrity sha512-JR/iSQOSt+LQIWwrwEzJ9uk0xfN3mTVYMwt1Ir5mUcSN6pU+V4zQFFaJsclJbPuAUQH+yfWef6tm7l1quW3C8Q==

escodegen@~1.2.0:
  version "1.2.0"
  resolved "https://registry.yarnpkg.com/escodegen/-/escodegen-1.2.0.tgz#09de7967791cc958b7f89a2ddb6d23451af327e1"
  integrity sha1-Cd55Z3kcyVi3+Jot220jRRrzJ+E=
  dependencies:
    esprima "~1.0.4"
    estraverse "~1.5.0"
    esutils "~1.0.0"
  optionalDependencies:
    source-map "~0.1.30"

esprima@~1.0.4:
  version "1.0.4"
  resolved "https://registry.yarnpkg.com/esprima/-/esprima-1.0.4.tgz#9f557e08fc3b4d26ece9dd34f8fbf476b62585ad"
  integrity sha1-n1V+CPw7TSbs6d00+Pv0drYlha0=

estraverse@~1.5.0:
  version "1.5.1"
  resolved "https://registry.yarnpkg.com/estraverse/-/estraverse-1.5.1.tgz#867a3e8e58a9f84618afb6c2ddbcd916b7cbaf71"
  integrity sha1-hno+jlip+EYYr7bC3bzZFrfLr3E=

esutils@~1.0.0:
  version "1.0.0"
  resolved "https://registry.yarnpkg.com/esutils/-/esutils-1.0.0.tgz#8151d358e20c8acc7fb745e7472c0025fe496570"
  integrity sha1-gVHTWOIMisx/t0XnRywAJf5JZXA=

eve@~0.5.1:
  version "0.5.4"
  resolved "https://registry.yarnpkg.com/eve/-/eve-0.5.4.tgz#67d080b9725291d7e389e34c26860dd97f1debaa"
  integrity sha1-Z9CAuXJSkdfjieNMJoYN2X8d66o=

exenv@^1.2.1:
  version "1.2.2"
  resolved "https://registry.yarnpkg.com/exenv/-/exenv-1.2.2.tgz#2ae78e85d9894158670b03d47bec1f03bd91bb9d"
  integrity sha1-KueOhdmJQVhnCwPUe+wfA72Ru50=

"js-tokens@^3.0.0 || ^4.0.0":
  version "4.0.0"
  resolved "https://registry.yarnpkg.com/js-tokens/-/js-tokens-4.0.0.tgz#19203fb59991df98e3a287050d4647cdeaf32499"

loose-envify@^1.4.0:
  version "1.4.0"
  resolved "https://registry.yarnpkg.com/loose-envify/-/loose-envify-1.4.0.tgz#71ee51fa7be4caec1a63839f7e682d8132d30caf"
  dependencies:
    js-tokens "^3.0.0 || ^4.0.0"

object-assign@^4.1.1:
  version "4.1.1"
  resolved "https://registry.yarnpkg.com/object-assign/-/object-assign-4.1.1.tgz#2109adc7965887cfc05cbbd442cac8bfbb360863"

path-to-regexp@^3.0.0:
  version "3.0.0"
  resolved "https://registry.yarnpkg.com/path-to-regexp/-/path-to-regexp-3.0.0.tgz#c981a218f3df543fa28696be2f88e0c58d2e012a"

prop-types@^15.5.4, prop-types@^15.7.2:
  version "15.7.2"
  resolved "https://registry.yarnpkg.com/prop-types/-/prop-types-15.7.2.tgz#52c41e75b8c87e72b9d9360e0206b99dcbffa6c5"
  dependencies:
    loose-envify "^1.4.0"
    object-assign "^4.1.1"
    react-is "^16.8.1"

react-burger-menu@^2.6.11:
  version "2.6.11"
  resolved "https://registry.yarnpkg.com/react-burger-menu/-/react-burger-menu-2.6.11.tgz#e9ec8db2ea156ef9366423be971ae6859ea17570"
  integrity sha512-Nz0CpcQBE4kgxI/xWviyHGQM8PS4GYlsxd8oUGuOabEweYzVJeFhGbHQlM2a/1SMeWM90S80vEvpI22/wFFifA==
  dependencies:
    browserify-optional "^1.0.0"
    classnames "^2.2.6"
    eve "~0.5.1"
    prop-types "^15.7.2"
    snapsvg-cjs "0.0.6"

react-fast-compare@^2.0.2:
  version "2.0.4"
  resolved "https://registry.yarnpkg.com/react-fast-compare/-/react-fast-compare-2.0.4.tgz#e84b4d455b0fec113e0402c329352715196f81f9"
  integrity sha512-suNP+J1VU1MWFKcyt7RtjiSWUjvidmQSlqu+eHslq+342xCbGTYmC0mEhPCOHxlW0CywylOC1u2DFAT+bv4dBw==

react-helmet@^5.2.1:
  version "5.2.1"
  resolved "https://registry.yarnpkg.com/react-helmet/-/react-helmet-5.2.1.tgz#16a7192fdd09951f8e0fe22ffccbf9bb3e591ffa"
  integrity sha512-CnwD822LU8NDBnjCpZ4ySh8L6HYyngViTZLfBBb3NjtrpN8m49clH8hidHouq20I51Y6TpCTISCBbqiY5GamwA==
  dependencies:
    object-assign "^4.1.1"
    prop-types "^15.5.4"
    react-fast-compare "^2.0.2"
    react-side-effect "^1.1.0"

react-is@^16.8.1:
  version "16.8.6"
  resolved "https://registry.yarnpkg.com/react-is/-/react-is-16.8.6.tgz#5bbc1e2d29141c9fbdfed456343fe2bc430a6a16"

react-side-effect@^1.1.0:
  version "1.1.5"
  resolved "https://registry.yarnpkg.com/react-side-effect/-/react-side-effect-1.1.5.tgz#f26059e50ed9c626d91d661b9f3c8bb38cd0ff2d"
  integrity sha512-Z2ZJE4p/jIfvUpiUMRydEVpQRf2f8GMHczT6qLcARmX7QRb28JDBTpnM2g/i5y/p7ZDEXYGHWg0RbhikE+hJRw==
  dependencies:
    exenv "^1.2.1"
    shallowequal "^1.0.1"

resolve@1.1.7:
  version "1.1.7"
  resolved "https://registry.yarnpkg.com/resolve/-/resolve-1.1.7.tgz#203114d82ad2c5ed9e8e0411b3932875e889e97b"
  integrity sha1-IDEU2CrSxe2ejgQRs5ModeiJ6Xs=

shallowequal@^1.0.1:
  version "1.1.0"
  resolved "https://registry.yarnpkg.com/shallowequal/-/shallowequal-1.1.0.tgz#188d521de95b9087404fd4dcb68b13df0ae4e7f8"
  integrity sha512-y0m1JoUZSlPAjXVtPPW70aZWfIL/dSP7AFkRnniLCrK/8MDKog3TySTBmckD+RObVxH0v4Tox67+F14PdED2oQ==

snapsvg-cjs@0.0.6:
  version "0.0.6"
  resolved "https://registry.yarnpkg.com/snapsvg-cjs/-/snapsvg-cjs-0.0.6.tgz#3b2f56af2573d3d364c3ed5bf8885745f4d2dde1"
  integrity sha1-Oy9WryVz09Nkw+1b+IhXRfTS3eE=
  dependencies:
    snapsvg "0.5.1"

snapsvg@0.5.1:
  version "0.5.1"
  resolved "https://registry.yarnpkg.com/snapsvg/-/snapsvg-0.5.1.tgz#0caf52c79189a290746fc446cc5e863f6bdddfe3"
  integrity sha1-DK9Sx5GJopB0b8RGzF6GP2vd3+M=
  dependencies:
    eve "~0.5.1"

source-map@~0.1.30:
  version "0.1.43"
  resolved "https://registry.yarnpkg.com/source-map/-/source-map-0.1.43.tgz#c24bc146ca517c1471f5dacbe2571b2b7f9e3346"
  integrity sha1-wkvBRspRfBRx9drL4lcbK3+eM0Y=
  dependencies:
    amdefine ">=0.0.4"

through@~2.3.4:
  version "2.3.8"
  resolved "https://registry.yarnpkg.com/through/-/through-2.3.8.tgz#0dd4c9ffaabc357960b1b724115d7e0e86a2e1f5"
  integrity sha1-DdTJ/6q8NXlgsbckEV1+Doai4fU=

tocco-entity-detail@>0.1.0:
  version "0.1.14"
  resolved "https://registry.yarnpkg.com/tocco-entity-detail/-/tocco-entity-detail-0.1.14.tgz#c425128d0540786316eff1acd9ddb30dfe57ac1c"
  integrity sha512-RsPAztUceV792kWS/HjOd8Ucc0384Lr+L5BuknlH9qQByWH9FYA4Bis+djRpCnFqIPdxjdlmrPiTkktPmUA8ww==

tocco-entity-list@>0.1.0:
  version "0.1.14"
  resolved "https://registry.yarnpkg.com/tocco-entity-list/-/tocco-entity-list-0.1.14.tgz#ec58ac5fdb958a418a19d6a8771ffa6771b23ee6"
  integrity sha512-9PVy4KXEMQNWG0DFzdxLZa/rLUQjndi6tuzM9lmv+VtbQy1sV97DduPuCMGGBb1S2ejrxMcBqjdTAtsZ2/TWfw==

tocco-login@>0.1.0:
  version "0.2.2"
  resolved "https://registry.yarnpkg.com/tocco-login/-/tocco-login-0.2.2.tgz#5c421f609b8c63263997b5c2d9bc87f8e90d3fc3"
  integrity sha512-ur/M83uoaOClL3mek4gzzwXaQCEv4WUAPaVy0XHOX08pAVI1io07vuYhQps2P1EQ61Jrw6lrHu3l49YTcOTrfA==

tocco-test-util@>0.1.0:
  version "0.1.2"
  resolved "https://registry.yarnpkg.com/tocco-test-util/-/tocco-test-util-0.1.2.tgz#6388309f1598d612cbc29e27564fb10706ade6f6"
  integrity sha1-Y4gwnxWY1hLLwp4nVk+xBwat5vY=

tocco-theme@>0.1.0:
  version "0.2.7"
  resolved "https://registry.yarnpkg.com/tocco-theme/-/tocco-theme-0.2.7.tgz#b46f25f7b46e15f5cd69bd812d9f1f0bb3a792aa"
  integrity sha512-zPr8vRWERLncumLzDJUMwQo3abfzGpe9YHqEY/DIh5828MvYaU/0D5kH0ewQdNspRAK+eoqX+AzsVosjVO+Q/Q==

tocco-ui@>0.1.0:
  version "0.1.14"
  resolved "https://registry.yarnpkg.com/tocco-ui/-/tocco-ui-0.1.14.tgz#5e8ceceee76cf1acb2ae2b79fe5f5c63b035ca3b"
  integrity sha512-/VHrJcS/aKdDmB6qEFQCx3KUDmsD56g2HitbYEhcvpJ8UCyV4I5ClOxGpcUcjbkjr8pwgD5JR1HuQ3BVnS0nQQ==

tocco-util@>0.1.0:
  version "0.1.11"
  resolved "https://registry.yarnpkg.com/tocco-util/-/tocco-util-0.1.11.tgz#c159134e9bb8359384aab0996286de233b19d0a8"
  integrity sha512-7VbdKXPPAyXXibJ1AIiPDdwb4ksU0RmbvHr/mznU//slM9I8ncoOLR/159lcnDnXiI6HokWE+fKqRCuyZ9oQNw==
